
Microsoft Visual Studio Solution File, Format Version 12.00
# Visual Studio 2013
VisualStudioVersion = 12.0.21005.1
MinimumVisualStudioVersion = 10.0.40219.1
Project("{8BC9CEB8-8B4A-11D0-8D11-00A0C91BC942}") = "回顾-模拟实现string类0915", "回顾-模拟实现string类0915\回顾-模拟实现string类0915.vcxproj", "{82690870-A0FA-464C-8C42-D1C3084D5FBC}"
EndProject
Global
	GlobalSection(SolutionConfigurationPlatforms) = preSolution
		Debug|Win32 = Debug|Win32
		Release|Win32 = Release|Win32
	EndGlobalSection
	GlobalSection(ProjectConfigurationPlatforms) = postSolution
		{82690870-A0FA-464C-8C42-D1C3084D5FBC}.Debug|Win32.ActiveCfg = Debug|Win32
		{82690870-A0FA-464C-8C42-D1C3084D5FBC}.Debug|Win32.Build.0 = Debug|Win32
		{82690870-A0FA-464C-8C42-D1C3084D5FBC}.Release|Win32.ActiveCfg = Release|Win32
		{82690870-A0FA-464C-8C42-D1C3084D5FBC}.Release|Win32.Build.0 = Release|Win32
	EndGlobalSection
	GlobalSection(SolutionProperties) = preSolution
		HideSolutionNode = FALSE
	EndGlobalSection
EndGlobal
