
Microsoft Visual Studio Solution File, Format Version 12.00
# Visual Studio 2013
VisualStudioVersion = 12.0.21005.1
MinimumVisualStudioVersion = 10.0.40219.1
Project("{8BC9CEB8-8B4A-11D0-8D11-00A0C91BC942}") = "main1", "main1\main1.vcxproj", "{850E077E-FAEB-4B5A-807B-06F1C887918A}"
EndProject
Global
	GlobalSection(SolutionConfigurationPlatforms) = preSolution
		Debug|Win32 = Debug|Win32
		Release|Win32 = Release|Win32
	EndGlobalSection
	GlobalSection(ProjectConfigurationPlatforms) = postSolution
		{850E077E-FAEB-4B5A-807B-06F1C887918A}.Debug|Win32.ActiveCfg = Debug|Win32
		{850E077E-FAEB-4B5A-807B-06F1C887918A}.Debug|Win32.Build.0 = Debug|Win32
		{850E077E-FAEB-4B5A-807B-06F1C887918A}.Release|Win32.ActiveCfg = Release|Win32
		{850E077E-FAEB-4B5A-807B-06F1C887918A}.Release|Win32.Build.0 = Release|Win32
	EndGlobalSection
	GlobalSection(SolutionProperties) = preSolution
		HideSolutionNode = FALSE
	EndGlobalSection
EndGlobal
