
Microsoft Visual Studio Solution File, Format Version 12.00
# Visual Studio 2013
VisualStudioVersion = 12.0.21005.1
MinimumVisualStudioVersion = 10.0.40219.1
Project("{8BC9CEB8-8B4A-11D0-8D11-00A0C91BC942}") = "day5", "day5\day5.vcxproj", "{ABE3C308-8AB9-4714-92C9-E6B83E9CDB83}"
EndProject
Global
	GlobalSection(SolutionConfigurationPlatforms) = preSolution
		Debug|Win32 = Debug|Win32
		Release|Win32 = Release|Win32
	EndGlobalSection
	GlobalSection(ProjectConfigurationPlatforms) = postSolution
		{ABE3C308-8AB9-4714-92C9-E6B83E9CDB83}.Debug|Win32.ActiveCfg = Debug|Win32
		{ABE3C308-8AB9-4714-92C9-E6B83E9CDB83}.Debug|Win32.Build.0 = Debug|Win32
		{ABE3C308-8AB9-4714-92C9-E6B83E9CDB83}.Release|Win32.ActiveCfg = Release|Win32
		{ABE3C308-8AB9-4714-92C9-E6B83E9CDB83}.Release|Win32.Build.0 = Release|Win32
	EndGlobalSection
	GlobalSection(SolutionProperties) = preSolution
		HideSolutionNode = FALSE
	EndGlobalSection
EndGlobal
